
Microsoft Visual Studio Solution File, Format Version 12.00
# Visual Studio 14
VisualStudioVersion = 14.0.23107.0
MinimumVisualStudioVersion = 10.0.40219.1
Project("{FAE04EC0-301F-11D3-BF4B-00C04F79EFBC}") = "XUI", "src\XUI\XUI.csproj", "{E9EB3BB7-64D6-4123-8A99-B31AC32FF320}"
EndProject
Project("{FAE04EC0-301F-11D3-BF4B-00C04F79EFBC}") = "XUI.Rendering", "src\XUI.Rendering\XUI.Rendering.csproj", "{5233BB21-9F85-4294-8F24-5541E01C664E}"
EndProject
Project("{FAE04EC0-301F-11D3-BF4B-00C04F79EFBC}") = "XUI.Example", "example\XUI.Example\XUI.Example.csproj", "{9508BB96-1A7B-46DB-8BE2-F47BBE8BDC80}"
EndProject
Project("{FAE04EC0-301F-11D3-BF4B-00C04F79EFBC}") = "XUI.TTF", "src\XUI.TTF\XUI.TTF.csproj", "{9D4DFABD-7601-4B0C-AF14-6CFEF3DA4304}"
EndProject
Global
	GlobalSection(SolutionConfigurationPlatforms) = preSolution
		Debug|Any CPU = Debug|Any CPU
		Release|Any CPU = Release|Any CPU
	EndGlobalSection
	GlobalSection(ProjectConfigurationPlatforms) = postSolution
		{E9EB3BB7-64D6-4123-8A99-B31AC32FF320}.Debug|Any CPU.ActiveCfg = Debug|Any CPU
		{E9EB3BB7-64D6-4123-8A99-B31AC32FF320}.Debug|Any CPU.Build.0 = Debug|Any CPU
		{E9EB3BB7-64D6-4123-8A99-B31AC32FF320}.Release|Any CPU.ActiveCfg = Release|Any CPU
		{E9EB3BB7-64D6-4123-8A99-B31AC32FF320}.Release|Any CPU.Build.0 = Release|Any CPU
		{5233BB21-9F85-4294-8F24-5541E01C664E}.Debug|Any CPU.ActiveCfg = Debug|Any CPU
		{5233BB21-9F85-4294-8F24-5541E01C664E}.Debug|Any CPU.Build.0 = Debug|Any CPU
		{5233BB21-9F85-4294-8F24-5541E01C664E}.Release|Any CPU.ActiveCfg = Release|Any CPU
		{5233BB21-9F85-4294-8F24-5541E01C664E}.Release|Any CPU.Build.0 = Release|Any CPU
		{9508BB96-1A7B-46DB-8BE2-F47BBE8BDC80}.Debug|Any CPU.ActiveCfg = Debug|Any CPU
		{9508BB96-1A7B-46DB-8BE2-F47BBE8BDC80}.Debug|Any CPU.Build.0 = Debug|Any CPU
		{9508BB96-1A7B-46DB-8BE2-F47BBE8BDC80}.Release|Any CPU.ActiveCfg = Release|Any CPU
		{9508BB96-1A7B-46DB-8BE2-F47BBE8BDC80}.Release|Any CPU.Build.0 = Release|Any CPU
		{9D4DFABD-7601-4B0C-AF14-6CFEF3DA4304}.Debug|Any CPU.ActiveCfg = Debug|Any CPU
		{9D4DFABD-7601-4B0C-AF14-6CFEF3DA4304}.Debug|Any CPU.Build.0 = Debug|Any CPU
		{9D4DFABD-7601-4B0C-AF14-6CFEF3DA4304}.Release|Any CPU.ActiveCfg = Release|Any CPU
		{9D4DFABD-7601-4B0C-AF14-6CFEF3DA4304}.Release|Any CPU.Build.0 = Release|Any CPU
	EndGlobalSection
	GlobalSection(SolutionProperties) = preSolution
		HideSolutionNode = FALSE
	EndGlobalSection
EndGlobal
